// !$*UTF8*$!
{
	archiveVersion = 1;
	classes = {
	};
	objectVersion = 46;
	objects = {

/* Begin PBXBuildFile section */
		8380A53F19D6841600E1FEDA /* MUPMatchViewController.m in Sources */ = {isa = PBXBuildFile; fileRef = 8380A53E19D6841600E1FEDA /* MUPMatchViewController.m */; };
		83AA904019C658FC007278D5 /* Foundation.framework in Frameworks */ = {isa = PBXBuildFile; fileRef = 83AA903F19C658FC007278D5 /* Foundation.framework */; };
		83AA904219C658FC007278D5 /* CoreGraphics.framework in Frameworks */ = {isa = PBXBuildFile; fileRef = 83AA904119C658FC007278D5 /* CoreGraphics.framework */; };
		83AA904419C658FC007278D5 /* UIKit.framework in Frameworks */ = {isa = PBXBuildFile; fileRef = 83AA904319C658FC007278D5 /* UIKit.framework */; };
		83AA904A19C658FC007278D5 /* InfoPlist.strings in Resources */ = {isa = PBXBuildFile; fileRef = 83AA904819C658FC007278D5 /* InfoPlist.strings */; };
		83AA904C19C658FC007278D5 /* main.m in Sources */ = {isa = PBXBuildFile; fileRef = 83AA904B19C658FC007278D5 /* main.m */; };
		83AA905019C658FC007278D5 /* MUPAppDelegate.m in Sources */ = {isa = PBXBuildFile; fileRef = 83AA904F19C658FC007278D5 /* MUPAppDelegate.m */; };
		83AA905319C658FC007278D5 /* Main.storyboard in Resources */ = {isa = PBXBuildFile; fileRef = 83AA905119C658FC007278D5 /* Main.storyboard */; };
		83AA905B19C658FC007278D5 /* Images.xcassets in Resources */ = {isa = PBXBuildFile; fileRef = 83AA905A19C658FC007278D5 /* Images.xcassets */; };
		83AA906219C658FC007278D5 /* XCTest.framework in Frameworks */ = {isa = PBXBuildFile; fileRef = 83AA906119C658FC007278D5 /* XCTest.framework */; };
		83AA906319C658FC007278D5 /* Foundation.framework in Frameworks */ = {isa = PBXBuildFile; fileRef = 83AA903F19C658FC007278D5 /* Foundation.framework */; };
		83AA906419C658FC007278D5 /* UIKit.framework in Frameworks */ = {isa = PBXBuildFile; fileRef = 83AA904319C658FC007278D5 /* UIKit.framework */; };
		83AA906C19C658FC007278D5 /* InfoPlist.strings in Resources */ = {isa = PBXBuildFile; fileRef = 83AA906A19C658FC007278D5 /* InfoPlist.strings */; };
		83AA906E19C658FC007278D5 /* MatchedUpTests.m in Sources */ = {isa = PBXBuildFile; fileRef = 83AA906D19C658FC007278D5 /* MatchedUpTests.m */; };
		83AA907919C65921007278D5 /* MUPLoginViewController.m in Sources */ = {isa = PBXBuildFile; fileRef = 83AA907819C65921007278D5 /* MUPLoginViewController.m */; };
		83B70AB319D1FBFC0082BD7F /* ProfileImage1.jpg in Resources */ = {isa = PBXBuildFile; fileRef = 83B70AB219D1FBFC0082BD7F /* ProfileImage1.jpg */; };
		83DA258119CE50DB00E56A2E /* MUPConstants.m in Sources */ = {isa = PBXBuildFile; fileRef = 83DA258019CE50DB00E56A2E /* MUPConstants.m */; };
		83DA258519CF6C8A00E56A2E /* MUPHomeViewController.m in Sources */ = {isa = PBXBuildFile; fileRef = 83DA258419CF6C8A00E56A2E /* MUPHomeViewController.m */; };
		83DA258A19CF700400E56A2E /* MUPSettingsViewController.m in Sources */ = {isa = PBXBuildFile; fileRef = 83DA258919CF700400E56A2E /* MUPSettingsViewController.m */; };
		83DA258F19CF728700E56A2E /* MUPEditProfileViewController.m in Sources */ = {isa = PBXBuildFile; fileRef = 83DA258E19CF728700E56A2E /* MUPEditProfileViewController.m */; };
		83DA259319CF747900E56A2E /* MUPProfileViewController.m in Sources */ = {isa = PBXBuildFile; fileRef = 83DA259219CF747900E56A2E /* MUPProfileViewController.m */; };
		83DA259719CF963600E56A2E /* MUPTestUser.m in Sources */ = {isa = PBXBuildFile; fileRef = 83DA259619CF963600E56A2E /* MUPTestUser.m */; };
		F989CF81B3BD40EA982CA66E /* libPods.a in Frameworks */ = {isa = PBXBuildFile; fileRef = 96BD705714E04C26AA11F3A8 /* libPods.a */; };
/* End PBXBuildFile section */

/* Begin PBXContainerItemProxy section */
		83AA906519C658FC007278D5 /* PBXContainerItemProxy */ = {
			isa = PBXContainerItemProxy;
			containerPortal = 83AA903419C658FC007278D5 /* Project object */;
			proxyType = 1;
			remoteGlobalIDString = 83AA903B19C658FC007278D5;
			remoteInfo = MatchedUp;
		};
/* End PBXContainerItemProxy section */

/* Begin PBXFileReference section */
		669FEF7F21E7402B9749E8A6 /* Pods.xcconfig */ = {isa = PBXFileReference; includeInIndex = 1; lastKnownFileType = text.xcconfig; name = Pods.xcconfig; path = Pods/Pods.xcconfig; sourceTree = "<group>"; };
		8380A53D19D6841600E1FEDA /* MUPMatchViewController.h */ = {isa = PBXFileReference; fileEncoding = 4; lastKnownFileType = sourcecode.c.h; path = MUPMatchViewController.h; sourceTree = "<group>"; };
		8380A53E19D6841600E1FEDA /* MUPMatchViewController.m */ = {isa = PBXFileReference; fileEncoding = 4; lastKnownFileType = sourcecode.c.objc; path = MUPMatchViewController.m; sourceTree = "<group>"; };
		83AA903C19C658FC007278D5 /* MatchedUp.app */ = {isa = PBXFileReference; explicitFileType = wrapper.application; includeInIndex = 0; path = MatchedUp.app; sourceTree = BUILT_PRODUCTS_DIR; };
		83AA903F19C658FC007278D5 /* Foundation.framework */ = {isa = PBXFileReference; lastKnownFileType = wrapper.framework; name = Foundation.framework; path = System/Library/Frameworks/Foundation.framework; sourceTree = SDKROOT; };
		83AA904119C658FC007278D5 /* CoreGraphics.framework */ = {isa = PBXFileReference; lastKnownFileType = wrapper.framework; name = CoreGraphics.framework; path = System/Library/Frameworks/CoreGraphics.framework; sourceTree = SDKROOT; };
		83AA904319C658FC007278D5 /* UIKit.framework */ = {isa = PBXFileReference; lastKnownFileType = wrapper.framework; name = UIKit.framework; path = System/Library/Frameworks/UIKit.framework; sourceTree = SDKROOT; };
		83AA904719C658FC007278D5 /* MatchedUp-Info.plist */ = {isa = PBXFileReference; lastKnownFileType = text.plist.xml; path = "MatchedUp-Info.plist"; sourceTree = "<group>"; };
		83AA904919C658FC007278D5 /* en */ = {isa = PBXFileReference; lastKnownFileType = text.plist.strings; name = en; path = en.lproj/InfoPlist.strings; sourceTree = "<group>"; };
		83AA904B19C658FC007278D5 /* main.m */ = {isa = PBXFileReference; lastKnownFileType = sourcecode.c.objc; path = main.m; sourceTree = "<group>"; };
		83AA904D19C658FC007278D5 /* MatchedUp-Prefix.pch */ = {isa = PBXFileReference; lastKnownFileType = sourcecode.c.h; path = "MatchedUp-Prefix.pch"; sourceTree = "<group>"; };
		83AA904E19C658FC007278D5 /* MUPAppDelegate.h */ = {isa = PBXFileReference; lastKnownFileType = sourcecode.c.h; path = MUPAppDelegate.h; sourceTree = "<group>"; };
		83AA904F19C658FC007278D5 /* MUPAppDelegate.m */ = {isa = PBXFileReference; lastKnownFileType = sourcecode.c.objc; path = MUPAppDelegate.m; sourceTree = "<group>"; };
		83AA905219C658FC007278D5 /* Base */ = {isa = PBXFileReference; lastKnownFileType = file.storyboard; name = Base; path = Base.lproj/Main.storyboard; sourceTree = "<group>"; };
		83AA905A19C658FC007278D5 /* Images.xcassets */ = {isa = PBXFileReference; lastKnownFileType = folder.assetcatalog; path = Images.xcassets; sourceTree = "<group>"; };
		83AA906019C658FC007278D5 /* MatchedUpTests.xctest */ = {isa = PBXFileReference; explicitFileType = wrapper.cfbundle; includeInIndex = 0; path = MatchedUpTests.xctest; sourceTree = BUILT_PRODUCTS_DIR; };
		83AA906119C658FC007278D5 /* XCTest.framework */ = {isa = PBXFileReference; lastKnownFileType = wrapper.framework; name = XCTest.framework; path = Library/Frameworks/XCTest.framework; sourceTree = DEVELOPER_DIR; };
		83AA906919C658FC007278D5 /* MatchedUpTests-Info.plist */ = {isa = PBXFileReference; lastKnownFileType = text.plist.xml; path = "MatchedUpTests-Info.plist"; sourceTree = "<group>"; };
		83AA906B19C658FC007278D5 /* en */ = {isa = PBXFileReference; lastKnownFileType = text.plist.strings; name = en; path = en.lproj/InfoPlist.strings; sourceTree = "<group>"; };
		83AA906D19C658FC007278D5 /* MatchedUpTests.m */ = {isa = PBXFileReference; lastKnownFileType = sourcecode.c.objc; path = MatchedUpTests.m; sourceTree = "<group>"; };
		83AA907719C65921007278D5 /* MUPLoginViewController.h */ = {isa = PBXFileReference; fileEncoding = 4; lastKnownFileType = sourcecode.c.h; path = MUPLoginViewController.h; sourceTree = "<group>"; };
		83AA907819C65921007278D5 /* MUPLoginViewController.m */ = {isa = PBXFileReference; fileEncoding = 4; lastKnownFileType = sourcecode.c.objc; path = MUPLoginViewController.m; sourceTree = "<group>"; };
		83B70AB219D1FBFC0082BD7F /* ProfileImage1.jpg */ = {isa = PBXFileReference; lastKnownFileType = image.jpeg; path = ProfileImage1.jpg; sourceTree = "<group>"; };
		83DA257F19CE50DB00E56A2E /* MUPConstants.h */ = {isa = PBXFileReference; fileEncoding = 4; lastKnownFileType = sourcecode.c.h; path = MUPConstants.h; sourceTree = "<group>"; };
		83DA258019CE50DB00E56A2E /* MUPConstants.m */ = {isa = PBXFileReference; fileEncoding = 4; lastKnownFileType = sourcecode.c.objc; path = MUPConstants.m; sourceTree = "<group>"; };
		83DA258319CF6C8A00E56A2E /* MUPHomeViewController.h */ = {isa = PBXFileReference; fileEncoding = 4; lastKnownFileType = sourcecode.c.h; path = MUPHomeViewController.h; sourceTree = "<group>"; };
		83DA258419CF6C8A00E56A2E /* MUPHomeViewController.m */ = {isa = PBXFileReference; fileEncoding = 4; lastKnownFileType = sourcecode.c.objc; path = MUPHomeViewController.m; sourceTree = "<group>"; };
		83DA258819CF700400E56A2E /* MUPSettingsViewController.h */ = {isa = PBXFileReference; fileEncoding = 4; lastKnownFileType = sourcecode.c.h; path = MUPSettingsViewController.h; sourceTree = "<group>"; };
		83DA258919CF700400E56A2E /* MUPSettingsViewController.m */ = {isa = PBXFileReference; fileEncoding = 4; lastKnownFileType = sourcecode.c.objc; path = MUPSettingsViewController.m; sourceTree = "<group>"; };
		83DA258D19CF728700E56A2E /* MUPEditProfileViewController.h */ = {isa = PBXFileReference; fileEncoding = 4; lastKnownFileType = sourcecode.c.h; path = MUPEditProfileViewController.h; sourceTree = "<group>"; };
		83DA258E19CF728700E56A2E /* MUPEditProfileViewController.m */ = {isa = PBXFileReference; fileEncoding = 4; lastKnownFileType = sourcecode.c.objc; path = MUPEditProfileViewController.m; sourceTree = "<group>"; };
		83DA259119CF747900E56A2E /* MUPProfileViewController.h */ = {isa = PBXFileReference; fileEncoding = 4; lastKnownFileType = sourcecode.c.h; path = MUPProfileViewController.h; sourceTree = "<group>"; };
		83DA259219CF747900E56A2E /* MUPProfileViewController.m */ = {isa = PBXFileReference; fileEncoding = 4; lastKnownFileType = sourcecode.c.objc; path = MUPProfileViewController.m; sourceTree = "<group>"; };
		83DA259519CF963600E56A2E /* MUPTestUser.h */ = {isa = PBXFileReference; fileEncoding = 4; lastKnownFileType = sourcecode.c.h; path = MUPTestUser.h; sourceTree = "<group>"; };
		83DA259619CF963600E56A2E /* MUPTestUser.m */ = {isa = PBXFileReference; fileEncoding = 4; lastKnownFileType = sourcecode.c.objc; path = MUPTestUser.m; sourceTree = "<group>"; };
		96BD705714E04C26AA11F3A8 /* libPods.a */ = {isa = PBXFileReference; explicitFileType = archive.ar; includeInIndex = 0; path = libPods.a; sourceTree = BUILT_PRODUCTS_DIR; };
/* End PBXFileReference section */

/* Begin PBXFrameworksBuildPhase section */
		83AA903919C658FC007278D5 /* Frameworks */ = {
			isa = PBXFrameworksBuildPhase;
			buildActionMask = 2147483647;
			files = (
				83AA904219C658FC007278D5 /* CoreGraphics.framework in Frameworks */,
				83AA904419C658FC007278D5 /* UIKit.framework in Frameworks */,
				83AA904019C658FC007278D5 /* Foundation.framework in Frameworks */,
				F989CF81B3BD40EA982CA66E /* libPods.a in Frameworks */,
			);
			runOnlyForDeploymentPostprocessing = 0;
		};
		83AA905D19C658FC007278D5 /* Frameworks */ = {
			isa = PBXFrameworksBuildPhase;
			buildActionMask = 2147483647;
			files = (
				83AA906219C658FC007278D5 /* XCTest.framework in Frameworks */,
				83AA906419C658FC007278D5 /* UIKit.framework in Frameworks */,
				83AA906319C658FC007278D5 /* Foundation.framework in Frameworks */,
			);
			runOnlyForDeploymentPostprocessing = 0;
		};
/* End PBXFrameworksBuildPhase section */

/* Begin PBXGroup section */
		8380A53C19D683EC00E1FEDA /* Match */ = {
			isa = PBXGroup;
			children = (
				8380A53D19D6841600E1FEDA /* MUPMatchViewController.h */,
				8380A53E19D6841600E1FEDA /* MUPMatchViewController.m */,
			);
			name = Match;
			sourceTree = "<group>";
		};
		83AA903319C658FC007278D5 = {
			isa = PBXGroup;
			children = (
				83AA904519C658FC007278D5 /* MatchedUp */,
				83AA906719C658FC007278D5 /* MatchedUpTests */,
				83AA903E19C658FC007278D5 /* Frameworks */,
				83AA903D19C658FC007278D5 /* Products */,
				669FEF7F21E7402B9749E8A6 /* Pods.xcconfig */,
			);
			sourceTree = "<group>";
		};
		83AA903D19C658FC007278D5 /* Products */ = {
			isa = PBXGroup;
			children = (
				83AA903C19C658FC007278D5 /* MatchedUp.app */,
				83AA906019C658FC007278D5 /* MatchedUpTests.xctest */,
			);
			name = Products;
			sourceTree = "<group>";
		};
		83AA903E19C658FC007278D5 /* Frameworks */ = {
			isa = PBXGroup;
			children = (
				83AA903F19C658FC007278D5 /* Foundation.framework */,
				83AA904119C658FC007278D5 /* CoreGraphics.framework */,
				83AA904319C658FC007278D5 /* UIKit.framework */,
				83AA906119C658FC007278D5 /* XCTest.framework */,
				96BD705714E04C26AA11F3A8 /* libPods.a */,
			);
			name = Frameworks;
			sourceTree = "<group>";
		};
		83AA904519C658FC007278D5 /* MatchedUp */ = {
			isa = PBXGroup;
			children = (
				83AA904E19C658FC007278D5 /* MUPAppDelegate.h */,
				83AA904F19C658FC007278D5 /* MUPAppDelegate.m */,
				83AA905119C658FC007278D5 /* Main.storyboard */,
				83DA258219CF6C5900E56A2E /* Home */,
				83DA258719CF6FE900E56A2E /* Settings */,
				83DA258C19CF726300E56A2E /* EditProfile */,
				83DA259019CF745C00E56A2E /* Profile */,
				83AA907B19C6593E007278D5 /* Login */,
				8380A53C19D683EC00E1FEDA /* Match */,
				83AA905A19C658FC007278D5 /* Images.xcassets */,
				83DA259419CF961000E56A2E /* CreateParseUser */,
				83AA904619C658FC007278D5 /* Supporting Files */,
			);
			path = MatchedUp;
			sourceTree = "<group>";
		};
		83AA904619C658FC007278D5 /* Supporting Files */ = {
			isa = PBXGroup;
			children = (
				83B70AB219D1FBFC0082BD7F /* ProfileImage1.jpg */,
				83DA257F19CE50DB00E56A2E /* MUPConstants.h */,
				83DA258019CE50DB00E56A2E /* MUPConstants.m */,
				83AA904719C658FC007278D5 /* MatchedUp-Info.plist */,
				83AA904819C658FC007278D5 /* InfoPlist.strings */,
				83AA904B19C658FC007278D5 /* main.m */,
				83AA904D19C658FC007278D5 /* MatchedUp-Prefix.pch */,
			);
			name = "Supporting Files";
			sourceTree = "<group>";
		};
		83AA906719C658FC007278D5 /* MatchedUpTests */ = {
			isa = PBXGroup;
			children = (
				83AA906D19C658FC007278D5 /* MatchedUpTests.m */,
				83AA906819C658FC007278D5 /* Supporting Files */,
			);
			path = MatchedUpTests;
			sourceTree = "<group>";
		};
		83AA906819C658FC007278D5 /* Supporting Files */ = {
			isa = PBXGroup;
			children = (
				83AA906919C658FC007278D5 /* MatchedUpTests-Info.plist */,
				83AA906A19C658FC007278D5 /* InfoPlist.strings */,
			);
			name = "Supporting Files";
			sourceTree = "<group>";
		};
		83AA907B19C6593E007278D5 /* Login */ = {
			isa = PBXGroup;
			children = (
				83AA907719C65921007278D5 /* MUPLoginViewController.h */,
				83AA907819C65921007278D5 /* MUPLoginViewController.m */,
			);
			name = Login;
			sourceTree = "<group>";
		};
		83DA258219CF6C5900E56A2E /* Home */ = {
			isa = PBXGroup;
			children = (
				83DA258319CF6C8A00E56A2E /* MUPHomeViewController.h */,
				83DA258419CF6C8A00E56A2E /* MUPHomeViewController.m */,
			);
			name = Home;
			sourceTree = "<group>";
		};
		83DA258719CF6FE900E56A2E /* Settings */ = {
			isa = PBXGroup;
			children = (
				83DA258819CF700400E56A2E /* MUPSettingsViewController.h */,
				83DA258919CF700400E56A2E /* MUPSettingsViewController.m */,
			);
			name = Settings;
			sourceTree = "<group>";
		};
		83DA258C19CF726300E56A2E /* EditProfile */ = {
			isa = PBXGroup;
			children = (
				83DA258D19CF728700E56A2E /* MUPEditProfileViewController.h */,
				83DA258E19CF728700E56A2E /* MUPEditProfileViewController.m */,
			);
			name = EditProfile;
			sourceTree = "<group>";
		};
		83DA259019CF745C00E56A2E /* Profile */ = {
			isa = PBXGroup;
			children = (
				83DA259119CF747900E56A2E /* MUPProfileViewController.h */,
				83DA259219CF747900E56A2E /* MUPProfileViewController.m */,
			);
			name = Profile;
			sourceTree = "<group>";
		};
		83DA259419CF961000E56A2E /* CreateParseUser */ = {
			isa = PBXGroup;
			children = (
				83DA259519CF963600E56A2E /* MUPTestUser.h */,
				83DA259619CF963600E56A2E /* MUPTestUser.m */,
			);
			name = CreateParseUser;
			sourceTree = "<group>";
		};
/* End PBXGroup section */

/* Begin PBXNativeTarget section */
		83AA903B19C658FC007278D5 /* MatchedUp */ = {
			isa = PBXNativeTarget;
			buildConfigurationList = 83AA907119C658FC007278D5 /* Build configuration list for PBXNativeTarget "MatchedUp" */;
			buildPhases = (
				8636FEC604194DF1B65E9398 /* Check Pods Manifest.lock */,
				83AA903819C658FC007278D5 /* Sources */,
				83AA903919C658FC007278D5 /* Frameworks */,
				83AA903A19C658FC007278D5 /* Resources */,
				1B70C4C8011A44D889683A9B /* Copy Pods Resources */,
			);
			buildRules = (
			);
			dependencies = (
			);
			name = MatchedUp;
			productName = MatchedUp;
			productReference = 83AA903C19C658FC007278D5 /* MatchedUp.app */;
			productType = "com.apple.product-type.application";
		};
		83AA905F19C658FC007278D5 /* MatchedUpTests */ = {
			isa = PBXNativeTarget;
			buildConfigurationList = 83AA907419C658FC007278D5 /* Build configuration list for PBXNativeTarget "MatchedUpTests" */;
			buildPhases = (
				83AA905C19C658FC007278D5 /* Sources */,
				83AA905D19C658FC007278D5 /* Frameworks */,
				83AA905E19C658FC007278D5 /* Resources */,
			);
			buildRules = (
			);
			dependencies = (
				83AA906619C658FC007278D5 /* PBXTargetDependency */,
			);
			name = MatchedUpTests;
			productName = MatchedUpTests;
			productReference = 83AA906019C658FC007278D5 /* MatchedUpTests.xctest */;
			productType = "com.apple.product-type.bundle.unit-test";
		};
/* End PBXNativeTarget section */

/* Begin PBXProject section */
		83AA903419C658FC007278D5 /* Project object */ = {
			isa = PBXProject;
			attributes = {
				CLASSPREFIX = MUP;
				LastUpgradeCheck = 0510;
				ORGANIZATIONNAME = "Jesse Hu";
				TargetAttributes = {
					83AA905F19C658FC007278D5 = {
						TestTargetID = 83AA903B19C658FC007278D5;
					};
				};
			};
			buildConfigurationList = 83AA903719C658FC007278D5 /* Build configuration list for PBXProject "MatchedUp" */;
			compatibilityVersion = "Xcode 3.2";
			developmentRegion = English;
			hasScannedForEncodings = 0;
			knownRegions = (
				en,
				Base,
				he,
			);
			mainGroup = 83AA903319C658FC007278D5;
			productRefGroup = 83AA903D19C658FC007278D5 /* Products */;
			projectDirPath = "";
			projectRoot = "";
			targets = (
				83AA903B19C658FC007278D5 /* MatchedUp */,
				83AA905F19C658FC007278D5 /* MatchedUpTests */,
			);
		};
/* End PBXProject section */

/* Begin PBXResourcesBuildPhase section */
		83AA903A19C658FC007278D5 /* Resources */ = {
			isa = PBXResourcesBuildPhase;
			buildActionMask = 2147483647;
			files = (
				83AA905B19C658FC007278D5 /* Images.xcassets in Resources */,
				83B70AB319D1FBFC0082BD7F /* ProfileImage1.jpg in Resources */,
				83AA904A19C658FC007278D5 /* InfoPlist.strings in Resources */,
				83AA905319C658FC007278D5 /* Main.storyboard in Resources */,
			);
			runOnlyForDeploymentPostprocessing = 0;
		};
		83AA905E19C658FC007278D5 /* Resources */ = {
			isa = PBXResourcesBuildPhase;
			buildActionMask = 2147483647;
			files = (
				83AA906C19C658FC007278D5 /* InfoPlist.strings in Resources */,
			);
			runOnlyForDeploymentPostprocessing = 0;
		};
/* End PBXResourcesBuildPhase section */

/* Begin PBXShellScriptBuildPhase section */
		1B70C4C8011A44D889683A9B /* Copy Pods Resources */ = {
			isa = PBXShellScriptBuildPhase;
			buildActionMask = 2147483647;
			files = (
			);
			inputPaths = (
			);
			name = "Copy Pods Resources";
			outputPaths = (
			);
			runOnlyForDeploymentPostprocessing = 0;
			shellPath = /bin/sh;
			shellScript = "\"${SRCROOT}/Pods/Pods-resources.sh\"\n";
			showEnvVarsInLog = 0;
		};
		8636FEC604194DF1B65E9398 /* Check Pods Manifest.lock */ = {
			isa = PBXShellScriptBuildPhase;
			buildActionMask = 2147483647;
			files = (
			);
			inputPaths = (
			);
			name = "Check Pods Manifest.lock";
			outputPaths = (
			);
			runOnlyForDeploymentPostprocessing = 0;
			shellPath = /bin/sh;
			shellScript = "diff \"${PODS_ROOT}/../Podfile.lock\" \"${PODS_ROOT}/Manifest.lock\" > /dev/null\nif [[ $? != 0 ]] ; then\n    cat << EOM\nerror: The sandbox is not in sync with the Podfile.lock. Run 'pod install' or update your CocoaPods installation.\nEOM\n    exit 1\nfi\n";
			showEnvVarsInLog = 0;
		};
/* End PBXShellScriptBuildPhase section */

/* Begin PBXSourcesBuildPhase section */
		83AA903819C658FC007278D5 /* Sources */ = {
			isa = PBXSourcesBuildPhase;
			buildActionMask = 2147483647;
			files = (
				83DA258519CF6C8A00E56A2E /* MUPHomeViewController.m in Sources */,
				83DA258F19CF728700E56A2E /* MUPEditProfileViewController.m in Sources */,
				83AA904C19C658FC007278D5 /* main.m in Sources */,
				83DA258119CE50DB00E56A2E /* MUPConstants.m in Sources */,
				83DA259719CF963600E56A2E /* MUPTestUser.m in Sources */,
				8380A53F19D6841600E1FEDA /* MUPMatchViewController.m in Sources */,
				83AA905019C658FC007278D5 /* MUPAppDelegate.m in Sources */,
				83DA258A19CF700400E56A2E /* MUPSettingsViewController.m in Sources */,
				83AA907919C65921007278D5 /* MUPLoginViewController.m in Sources */,
				83DA259319CF747900E56A2E /* MUPProfileViewController.m in Sources */,
			);
			runOnlyForDeploymentPostprocessing = 0;
		};
		83AA905C19C658FC007278D5 /* Sources */ = {
			isa = PBXSourcesBuildPhase;
			buildActionMask = 2147483647;
			files = (
				83AA906E19C658FC007278D5 /* MatchedUpTests.m in Sources */,
			);
			runOnlyForDeploymentPostprocessing = 0;
		};
/* End PBXSourcesBuildPhase section */

/* Begin PBXTargetDependency section */
		83AA906619C658FC007278D5 /* PBXTargetDependency */ = {
			isa = PBXTargetDependency;
			target = 83AA903B19C658FC007278D5 /* MatchedUp */;
			targetProxy = 83AA906519C658FC007278D5 /* PBXContainerItemProxy */;
		};
/* End PBXTargetDependency section */

/* Begin PBXVariantGroup section */
		83AA904819C658FC007278D5 /* InfoPlist.strings */ = {
			isa = PBXVariantGroup;
			children = (
				83AA904919C658FC007278D5 /* en */,
			);
			name = InfoPlist.strings;
			sourceTree = "<group>";
		};
		83AA905119C658FC007278D5 /* Main.storyboard */ = {
			isa = PBXVariantGroup;
			children = (
				83AA905219C658FC007278D5 /* Base */,
			);
			name = Main.storyboard;
			sourceTree = "<group>";
		};
		83AA906A19C658FC007278D5 /* InfoPlist.strings */ = {
			isa = PBXVariantGroup;
			children = (
				83AA906B19C658FC007278D5 /* en */,
			);
			name = InfoPlist.strings;
			sourceTree = "<group>";
		};
/* End PBXVariantGroup section */

/* Begin XCBuildConfiguration section */
		83AA906F19C658FC007278D5 /* Debug */ = {
			isa = XCBuildConfiguration;
			buildSettings = {
				ALWAYS_SEARCH_USER_PATHS = NO;
				CLANG_CXX_LANGUAGE_STANDARD = "gnu++0x";
				CLANG_CXX_LIBRARY = "libc++";
				CLANG_ENABLE_MODULES = YES;
				CLANG_ENABLE_OBJC_ARC = YES;
				CLANG_WARN_BOOL_CONVERSION = YES;
				CLANG_WARN_CONSTANT_CONVERSION = YES;
				CLANG_WARN_DIRECT_OBJC_ISA_USAGE = YES_ERROR;
				CLANG_WARN_EMPTY_BODY = YES;
				CLANG_WARN_ENUM_CONVERSION = YES;
				CLANG_WARN_INT_CONVERSION = YES;
				CLANG_WARN_OBJC_ROOT_CLASS = YES_ERROR;
				CLANG_WARN__DUPLICATE_METHOD_MATCH = YES;
				"CODE_SIGN_IDENTITY[sdk=iphoneos*]" = "iPhone Developer";
				COPY_PHASE_STRIP = NO;
				GCC_C_LANGUAGE_STANDARD = gnu99;
				GCC_DYNAMIC_NO_PIC = NO;
				GCC_OPTIMIZATION_LEVEL = 0;
				GCC_PREPROCESSOR_DEFINITIONS = (
					"DEBUG=1",
					"$(inherited)",
				);
				GCC_SYMBOLS_PRIVATE_EXTERN = NO;
				GCC_WARN_64_TO_32_BIT_CONVERSION = YES;
				GCC_WARN_ABOUT_RETURN_TYPE = YES_ERROR;
				GCC_WARN_UNDECLARED_SELECTOR = YES;
				GCC_WARN_UNINITIALIZED_AUTOS = YES_AGGRESSIVE;
				GCC_WARN_UNUSED_FUNCTION = YES;
				GCC_WARN_UNUSED_VARIABLE = YES;
				IPHONEOS_DEPLOYMENT_TARGET = 7.1;
				ONLY_ACTIVE_ARCH = YES;
				SDKROOT = iphoneos;
			};
			name = Debug;
		};
		83AA907019C658FC007278D5 /* Release */ = {
			isa = XCBuildConfiguration;
			buildSettings = {
				ALWAYS_SEARCH_USER_PATHS = NO;
				CLANG_CXX_LANGUAGE_STANDARD = "gnu++0x";
				CLANG_CXX_LIBRARY = "libc++";
				CLANG_ENABLE_MODULES = YES;
				CLANG_ENABLE_OBJC_ARC = YES;
				CLANG_WARN_BOOL_CONVERSION = YES;
				CLANG_WARN_CONSTANT_CONVERSION = YES;
				CLANG_WARN_DIRECT_OBJC_ISA_USAGE = YES_ERROR;
				CLANG_WARN_EMPTY_BODY = YES;
				CLANG_WARN_ENUM_CONVERSION = YES;
				CLANG_WARN_INT_CONVERSION = YES;
				CLANG_WARN_OBJC_ROOT_CLASS = YES_ERROR;
				CLANG_WARN__DUPLICATE_METHOD_MATCH = YES;
				"CODE_SIGN_IDENTITY[sdk=iphoneos*]" = "iPhone Developer";
				COPY_PHASE_STRIP = YES;
				ENABLE_NS_ASSERTIONS = NO;
				GCC_C_LANGUAGE_STANDARD = gnu99;
				GCC_WARN_64_TO_32_BIT_CONVERSION = YES;
				GCC_WARN_ABOUT_RETURN_TYPE = YES_ERROR;
				GCC_WARN_UNDECLARED_SELECTOR = YES;
				GCC_WARN_UNINITIALIZED_AUTOS = YES_AGGRESSIVE;
				GCC_WARN_UNUSED_FUNCTION = YES;
				GCC_WARN_UNUSED_VARIABLE = YES;
				IPHONEOS_DEPLOYMENT_TARGET = 7.1;
				SDKROOT = iphoneos;
				VALIDATE_PRODUCT = YES;
			};
			name = Release;
		};
		83AA907219C658FC007278D5 /* Debug */ = {
			isa = XCBuildConfiguration;
			baseConfigurationReference = 669FEF7F21E7402B9749E8A6 /* Pods.xcconfig */;
			buildSettings = {
				ASSETCATALOG_COMPILER_APPICON_NAME = AppIcon;
				ASSETCATALOG_COMPILER_LAUNCHIMAGE_NAME = LaunchImage;
				FRAMEWORK_SEARCH_PATHS = (
					"$(inherited)",
					/Users/jessehu/Documents/FacebookSDK,
					/Users/jessehu/Documents/FacebookSDK/FBAudienceNetwork,
				);
				GCC_PRECOMPILE_PREFIX_HEADER = YES;
				GCC_PREFIX_HEADER = "MatchedUp/MatchedUp-Prefix.pch";
				INFOPLIST_FILE = "MatchedUp/MatchedUp-Info.plist";
				PRODUCT_NAME = "$(TARGET_NAME)";
				WRAPPER_EXTENSION = app;
			};
			name = Debug;
		};
		83AA907319C658FC007278D5 /* Release */ = {
			isa = XCBuildConfiguration;
			baseConfigurationReference = 669FEF7F21E7402B9749E8A6 /* Pods.xcconfig */;
			buildSettings = {
				ASSETCATALOG_COMPILER_APPICON_NAME = AppIcon;
				ASSETCATALOG_COMPILER_LAUNCHIMAGE_NAME = LaunchImage;
				FRAMEWORK_SEARCH_PATHS = (
					"$(inherited)",
					/Users/jessehu/Documents/FacebookSDK,
					/Users/jessehu/Documents/FacebookSDK/FBAudienceNetwork,
				);
				GCC_PRECOMPILE_PREFIX_HEADER = YES;
				GCC_PREFIX_HEADER = "MatchedUp/MatchedUp-Prefix.pch";
				INFOPLIST_FILE = "MatchedUp/MatchedUp-Info.plist";
				PRODUCT_NAME = "$(TARGET_NAME)";
				WRAPPER_EXTENSION = app;
			};
			name = Release;
		};
		83AA907519C658FC007278D5 /* Debug */ = {
			isa = XCBuildConfiguration;
			buildSettings = {
				BUNDLE_LOADER = "$(BUILT_PRODUCTS_DIR)/MatchedUp.app/MatchedUp";
				FRAMEWORK_SEARCH_PATHS = (
					"$(SDKROOT)/Developer/Library/Frameworks",
					"$(inherited)",
					"$(DEVELOPER_FRAMEWORKS_DIR)",
				);
				GCC_PRECOMPILE_PREFIX_HEADER = YES;
				GCC_PREFIX_HEADER = "MatchedUp/MatchedUp-Prefix.pch";
				GCC_PREPROCESSOR_DEFINITIONS = (
					"DEBUG=1",
					"$(inherited)",
				);
				INFOPLIST_FILE = "MatchedUpTests/MatchedUpTests-Info.plist";
				PRODUCT_NAME = "$(TARGET_NAME)";
				TEST_HOST = "$(BUNDLE_LOADER)";
				WRAPPER_EXTENSION = xctest;
			};
			name = Debug;
		};
		83AA907619C658FC007278D5 /* Release */ = {
			isa = XCBuildConfiguration;
			buildSettings = {
				BUNDLE_LOADER = "$(BUILT_PRODUCTS_DIR)/MatchedUp.app/MatchedUp";
				FRAMEWORK_SEARCH_PATHS = (
					"$(SDKROOT)/Developer/Library/Frameworks",
					"$(inherited)",
					"$(DEVELOPER_FRAMEWORKS_DIR)",
				);
				GCC_PRECOMPILE_PREFIX_HEADER = YES;
				GCC_PREFIX_HEADER = "MatchedUp/MatchedUp-Prefix.pch";
				INFOPLIST_FILE = "MatchedUpTests/MatchedUpTests-Info.plist";
				PRODUCT_NAME = "$(TARGET_NAME)";
				TEST_HOST = "$(BUNDLE_LOADER)";
				WRAPPER_EXTENSION = xctest;
			};
			name = Release;
		};
/* End XCBuildConfiguration section */

/* Begin XCConfigurationList section */
		83AA903719C658FC007278D5 /* Build configuration list for PBXProject "MatchedUp" */ = {
			isa = XCConfigurationList;
			buildConfigurations = (
				83AA906F19C658FC007278D5 /* Debug */,
				83AA907019C658FC007278D5 /* Release */,
			);
			defaultConfigurationIsVisible = 0;
			defaultConfigurationName = Release;
		};
		83AA907119C658FC007278D5 /* Build configuration list for PBXNativeTarget "MatchedUp" */ = {
			isa = XCConfigurationList;
			buildConfigurations = (
				83AA907219C658FC007278D5 /* Debug */,
				83AA907319C658FC007278D5 /* Release */,
			);
			defaultConfigurationIsVisible = 0;
			defaultConfigurationName = Release;
		};
		83AA907419C658FC007278D5 /* Build configuration list for PBXNativeTarget "MatchedUpTests" */ = {
			isa = XCConfigurationList;
			buildConfigurations = (
				83AA907519C658FC007278D5 /* Debug */,
				83AA907619C658FC007278D5 /* Release */,
			);
			defaultConfigurationIsVisible = 0;
			defaultConfigurationName = Release;
		};
/* End XCConfigurationList section */
	};
	rootObject = 83AA903419C658FC007278D5 /* Project object */;
}
